
Microsoft Visual Studio Solution File, Format Version 12.00
# Visual Studio 15
VisualStudioVersion = 15.0.28307.136
MinimumVisualStudioVersion = 10.0.40219.1
Project("{FAE04EC0-301F-11D3-BF4B-00C04F79EFBC}") = "WebCoreZDMotors", "WebCoreZDMotors\WebCoreZDMotors.csproj", "{52F211FD-3209-47AA-A8F6-F9E3FD02E458}"
EndProject
Global
	GlobalSection(SolutionConfigurationPlatforms) = preSolution
		Debug|Any CPU = Debug|Any CPU
		Release|Any CPU = Release|Any CPU
	EndGlobalSection
	GlobalSection(ProjectConfigurationPlatforms) = postSolution
		{52F211FD-3209-47AA-A8F6-F9E3FD02E458}.Debug|Any CPU.ActiveCfg = Debug|Any CPU
		{52F211FD-3209-47AA-A8F6-F9E3FD02E458}.Debug|Any CPU.Build.0 = Debug|Any CPU
		{52F211FD-3209-47AA-A8F6-F9E3FD02E458}.Release|Any CPU.ActiveCfg = Release|Any CPU
		{52F211FD-3209-47AA-A8F6-F9E3FD02E458}.Release|Any CPU.Build.0 = Release|Any CPU
	EndGlobalSection
	GlobalSection(SolutionProperties) = preSolution
		HideSolutionNode = FALSE
	EndGlobalSection
	GlobalSection(ExtensibilityGlobals) = postSolution
		SolutionGuid = {24CAF776-CC08-441C-A464-C2B9A3E4ED76}
	EndGlobalSection
EndGlobal
